Microsoft Visual Studio Solution File, Format Version 12.00
# Visual Studio 2012
Project("{FAE04EC0-301F-11D3-BF4B-00C04F79EFBC}") = "PixelClicker", "PixelClicker.csproj", "{3C4D86EC-6F7F-47AA-9B57-D773662218AA}"
EndProject
Global
	GlobalSection(SolutionConfigurationPlatforms) = preSolution
	Debug|Any CPU = Debug|Any CPU
	ExportDebug|Any CPU = ExportDebug|Any CPU
	ExportRelease|Any CPU = ExportRelease|Any CPU
	EndGlobalSection
	GlobalSection(ProjectConfigurationPlatforms) = postSolution
		{3C4D86EC-6F7F-47AA-9B57-D773662218AA}.Debug|Any CPU.ActiveCfg = Debug|Any CPU
		{3C4D86EC-6F7F-47AA-9B57-D773662218AA}.Debug|Any CPU.Build.0 = Debug|Any CPU
		{3C4D86EC-6F7F-47AA-9B57-D773662218AA}.ExportDebug|Any CPU.ActiveCfg = ExportDebug|Any CPU
		{3C4D86EC-6F7F-47AA-9B57-D773662218AA}.ExportDebug|Any CPU.Build.0 = ExportDebug|Any CPU
		{3C4D86EC-6F7F-47AA-9B57-D773662218AA}.ExportRelease|Any CPU.ActiveCfg = ExportRelease|Any CPU
		{3C4D86EC-6F7F-47AA-9B57-D773662218AA}.ExportRelease|Any CPU.Build.0 = ExportRelease|Any CPU
	EndGlobalSection
EndGlobal
